# This file is automatically @generated by Cargo.
# It is not intended for manual editing.
version = 4

[[package]]
name = "darpc-client-741"
version = "0.1.0"
dependencies = [
 "darpc-model",
 "darpc-win32",
]

[[package]]
name = "darpc-model"
version = "0.1.0"

[[package]]
name = "darpc-protocol"
version = "0.1.0"
dependencies = [
 "darpc-model",
]

[[package]]
name = "darpc-win32"
version = "0.1.0"

[[package]]
name = "loader"
version = "0.1.0"
dependencies = [
 "darpc-win32",
]

[[package]]
name = "rpc-client"
version = "0.1.0"
dependencies = [
 "darpc-protocol",
 "darpc-win32",
]

[[package]]
name = "rpc-daemon"
version = "0.1.0"
dependencies = [
 "darpc-model",
 "darpc-protocol",
 "darpc-win32",
]

[[package]]
name = "rpc-dll"
version = "0.1.0"
dependencies = [
 "darpc-client-741",
 "darpc-model",
 "darpc-protocol",
 "darpc-win32",
]
